
Microsoft Visual Studio Solution File, Format Version 12.00
# Visual Studio Version 17
VisualStudioVersion = 17.11.35327.3
MinimumVisualStudioVersion = 10.0.40219.1
Project("{2150E333-8FDC-42A3-9474-1A3956D46DE8}") = "main", "main", "{3F864D9B-84CD-434A-947F-A9051AA5A5DC}"
EndProject
Project("{2150E333-8FDC-42A3-9474-1A3956D46DE8}") = "APPCORE", "APPCORE", "{5E01EAAB-E704-4F65-9680-FA9C3AFF1005}"
EndProject
Project("{FAE04EC0-301F-11D3-BF4B-00C04F79EFBC}") = "APPLICATIONCORE", "APPCORE\APPLICATIONCORE\APPLICATIONCORE.csproj", "{F23ABE7E-A299-4855-A18E-7F7D705A80F0}"
EndProject
Project("{2150E333-8FDC-42A3-9474-1A3956D46DE8}") = "INFRAS", "INFRAS", "{96848927-3AAF-41B2-A988-EBB982B037B6}"
EndProject
Project("{FAE04EC0-301F-11D3-BF4B-00C04F79EFBC}") = "INFRASTRUCTURE", "mian\INFRAS\INFRASTRUCTURE\INFRASTRUCTURE.csproj", "{7D588033-E29F-49F5-88C5-73370A3DE3B8}"
EndProject
Project("{2150E333-8FDC-42A3-9474-1A3956D46DE8}") = "WEB", "WEB", "{948436BA-47D0-44B1-A5BD-66D4D518073F}"
EndProject
Project("{FAE04EC0-301F-11D3-BF4B-00C04F79EFBC}") = "API", "main\WEB\API\API.csproj", "{B71673FF-A3CD-48E1-8552-2790A2F829F4}"
EndProject
Global
	GlobalSection(SolutionConfigurationPlatforms) = preSolution
		Debug|Any CPU = Debug|Any CPU
		Release|Any CPU = Release|Any CPU
	EndGlobalSection
	GlobalSection(ProjectConfigurationPlatforms) = postSolution
		{F23ABE7E-A299-4855-A18E-7F7D705A80F0}.Debug|Any CPU.ActiveCfg = Debug|Any CPU
		{F23ABE7E-A299-4855-A18E-7F7D705A80F0}.Debug|Any CPU.Build.0 = Debug|Any CPU
		{F23ABE7E-A299-4855-A18E-7F7D705A80F0}.Release|Any CPU.ActiveCfg = Release|Any CPU
		{F23ABE7E-A299-4855-A18E-7F7D705A80F0}.Release|Any CPU.Build.0 = Release|Any CPU
		{7D588033-E29F-49F5-88C5-73370A3DE3B8}.Debug|Any CPU.ActiveCfg = Debug|Any CPU
		{7D588033-E29F-49F5-88C5-73370A3DE3B8}.Debug|Any CPU.Build.0 = Debug|Any CPU
		{7D588033-E29F-49F5-88C5-73370A3DE3B8}.Release|Any CPU.ActiveCfg = Release|Any CPU
		{7D588033-E29F-49F5-88C5-73370A3DE3B8}.Release|Any CPU.Build.0 = Release|Any CPU
		{B71673FF-A3CD-48E1-8552-2790A2F829F4}.Debug|Any CPU.ActiveCfg = Debug|Any CPU
		{B71673FF-A3CD-48E1-8552-2790A2F829F4}.Debug|Any CPU.Build.0 = Debug|Any CPU
		{B71673FF-A3CD-48E1-8552-2790A2F829F4}.Release|Any CPU.ActiveCfg = Release|Any CPU
		{B71673FF-A3CD-48E1-8552-2790A2F829F4}.Release|Any CPU.Build.0 = Release|Any CPU
	EndGlobalSection
	GlobalSection(SolutionProperties) = preSolution
		HideSolutionNode = FALSE
	EndGlobalSection
	GlobalSection(NestedProjects) = preSolution
		{5E01EAAB-E704-4F65-9680-FA9C3AFF1005} = {3F864D9B-84CD-434A-947F-A9051AA5A5DC}
		{F23ABE7E-A299-4855-A18E-7F7D705A80F0} = {5E01EAAB-E704-4F65-9680-FA9C3AFF1005}
		{96848927-3AAF-41B2-A988-EBB982B037B6} = {3F864D9B-84CD-434A-947F-A9051AA5A5DC}
		{7D588033-E29F-49F5-88C5-73370A3DE3B8} = {96848927-3AAF-41B2-A988-EBB982B037B6}
		{948436BA-47D0-44B1-A5BD-66D4D518073F} = {3F864D9B-84CD-434A-947F-A9051AA5A5DC}
		{B71673FF-A3CD-48E1-8552-2790A2F829F4} = {948436BA-47D0-44B1-A5BD-66D4D518073F}
	EndGlobalSection
	GlobalSection(ExtensibilityGlobals) = postSolution
		SolutionGuid = {1029BADF-F99C-47AB-A5A2-6F5E40F2355A}
	EndGlobalSection
EndGlobal
